
Microsoft Visual Studio Solution File, Format Version 12.00
# Visual Studio Version 17
VisualStudioVersion = 17.0.31717.71
MinimumVisualStudioVersion = 10.0.40219.1
Project("{9A19103F-16F7-4668-BE54-9A1E7A4F7556}") = "Connectr.TechTests.Backend", "Connectr.TechTests.Backend\Connectr.TechTests.Backend.csproj", "{47D526AC-1258-41ED-B6B7-32A8C7847650}"
EndProject
Project("{FAE04EC0-301F-11D3-BF4B-00C04F79EFBC}") = "Connectr.TechTests.Backend.EntityFramework", "Connectr.TechTests.Backend.EntityFramework\Connectr.TechTests.Backend.EntityFramework.csproj", "{71FE3709-62CB-4C7F-8B6A-033AF8760580}"
EndProject
Global
	GlobalSection(SolutionConfigurationPlatforms) = preSolution
		Debug|Any CPU = Debug|Any CPU
		Release|Any CPU = Release|Any CPU
	EndGlobalSection
	GlobalSection(ProjectConfigurationPlatforms) = postSolution
		{47D526AC-1258-41ED-B6B7-32A8C7847650}.Debug|Any CPU.ActiveCfg = Debug|Any CPU
		{47D526AC-1258-41ED-B6B7-32A8C7847650}.Debug|Any CPU.Build.0 = Debug|Any CPU
		{47D526AC-1258-41ED-B6B7-32A8C7847650}.Release|Any CPU.ActiveCfg = Release|Any CPU
		{47D526AC-1258-41ED-B6B7-32A8C7847650}.Release|Any CPU.Build.0 = Release|Any CPU
		{71FE3709-62CB-4C7F-8B6A-033AF8760580}.Debug|Any CPU.ActiveCfg = Debug|Any CPU
		{71FE3709-62CB-4C7F-8B6A-033AF8760580}.Debug|Any CPU.Build.0 = Debug|Any CPU
		{71FE3709-62CB-4C7F-8B6A-033AF8760580}.Release|Any CPU.ActiveCfg = Release|Any CPU
		{71FE3709-62CB-4C7F-8B6A-033AF8760580}.Release|Any CPU.Build.0 = Release|Any CPU
	EndGlobalSection
	GlobalSection(SolutionProperties) = preSolution
		HideSolutionNode = FALSE
	EndGlobalSection
	GlobalSection(ExtensibilityGlobals) = postSolution
		SolutionGuid = {D20317FF-19D3-4114-B18E-AA4D218C7BAC}
	EndGlobalSection
EndGlobal
